
Microsoft Visual Studio Solution File, Format Version 12.00
# Visual Studio Version 17
VisualStudioVersion = 17.3.32901.215
MinimumVisualStudioVersion = 10.0.40219.1
Project("{9A19103F-16F7-4668-BE54-9A1E7A4F7556}") = "NUnit_Demo", "NUnit_Demo\NUnit_Demo.csproj", "{20BD6379-C10B-4D98-A70D-19865039B14B}"
EndProject
Project("{FAE04EC0-301F-11D3-BF4B-00C04F79EFBC}") = "NUnit_Demo.Tests", "NUnit_Demo.Tests\NUnit_Demo.Tests.csproj", "{C32C7EA5-C918-4DAB-BA41-BF54AAF7AA63}"
EndProject
Global
	GlobalSection(SolutionConfigurationPlatforms) = preSolution
		Debug|Any CPU = Debug|Any CPU
		Release|Any CPU = Release|Any CPU
	EndGlobalSection
	GlobalSection(ProjectConfigurationPlatforms) = postSolution
		{20BD6379-C10B-4D98-A70D-19865039B14B}.Debug|Any CPU.ActiveCfg = Debug|Any CPU
		{20BD6379-C10B-4D98-A70D-19865039B14B}.Debug|Any CPU.Build.0 = Debug|Any CPU
		{20BD6379-C10B-4D98-A70D-19865039B14B}.Release|Any CPU.ActiveCfg = Release|Any CPU
		{20BD6379-C10B-4D98-A70D-19865039B14B}.Release|Any CPU.Build.0 = Release|Any CPU
		{C32C7EA5-C918-4DAB-BA41-BF54AAF7AA63}.Debug|Any CPU.ActiveCfg = Debug|Any CPU
		{C32C7EA5-C918-4DAB-BA41-BF54AAF7AA63}.Debug|Any CPU.Build.0 = Debug|Any CPU
		{C32C7EA5-C918-4DAB-BA41-BF54AAF7AA63}.Release|Any CPU.ActiveCfg = Release|Any CPU
		{C32C7EA5-C918-4DAB-BA41-BF54AAF7AA63}.Release|Any CPU.Build.0 = Release|Any CPU
	EndGlobalSection
	GlobalSection(SolutionProperties) = preSolution
		HideSolutionNode = FALSE
	EndGlobalSection
	GlobalSection(ExtensibilityGlobals) = postSolution
		SolutionGuid = {529206F3-DB27-4EB0-B6A7-0E1760964630}
	EndGlobalSection
EndGlobal
